
Microsoft Visual Studio Solution File, Format Version 12.00
# Visual Studio Version 16
VisualStudioVersion = 16.0.30907.101
MinimumVisualStudioVersion = 10.0.40219.1
Project("{FAE04EC0-301F-11D3-BF4B-00C04F79EFBC}") = "podatek-pit", "podatek-pit.csproj", "{2611AE28-6886-4D1C-BE55-38BBC6639670}"
EndProject
Global
	GlobalSection(SolutionConfigurationPlatforms) = preSolution
		Debug|Any CPU = Debug|Any CPU
		Release|Any CPU = Release|Any CPU
	EndGlobalSection
	GlobalSection(ProjectConfigurationPlatforms) = postSolution
		{2611AE28-6886-4D1C-BE55-38BBC6639670}.Debug|Any CPU.ActiveCfg = Debug|Any CPU
		{2611AE28-6886-4D1C-BE55-38BBC6639670}.Debug|Any CPU.Build.0 = Debug|Any CPU
		{2611AE28-6886-4D1C-BE55-38BBC6639670}.Release|Any CPU.ActiveCfg = Release|Any CPU
		{2611AE28-6886-4D1C-BE55-38BBC6639670}.Release|Any CPU.Build.0 = Release|Any CPU
	EndGlobalSection
	GlobalSection(SolutionProperties) = preSolution
		HideSolutionNode = FALSE
	EndGlobalSection
	GlobalSection(ExtensibilityGlobals) = postSolution
		SolutionGuid = {2EE6CFEF-3331-435F-A7F8-78CE07A531D0}
	EndGlobalSection
EndGlobal
